
Microsoft Visual Studio Solution File, Format Version 12.00
# Visual Studio Version 17
VisualStudioVersion = 17.3.32825.248
MinimumVisualStudioVersion = 10.0.40219.1
Project("{9A19103F-16F7-4668-BE54-9A1E7A4F7556}") = "RazorHotelDB", "RazorHotelDB\RazorHotelDB.csproj", "{CAE61B85-B709-47A1-848B-AFBAF3D43762}"
EndProject
Project("{FAE04EC0-301F-11D3-BF4B-00C04F79EFBC}") = "HotelDBTest", "HotelDBTest\HotelDBTest.csproj", "{E65E247A-F2DF-412E-8F6A-9B1C2FD52711}"
EndProject
Global
	GlobalSection(SolutionConfigurationPlatforms) = preSolution
		Debug|Any CPU = Debug|Any CPU
		Release|Any CPU = Release|Any CPU
	EndGlobalSection
	GlobalSection(ProjectConfigurationPlatforms) = postSolution
		{CAE61B85-B709-47A1-848B-AFBAF3D43762}.Debug|Any CPU.ActiveCfg = Debug|Any CPU
		{CAE61B85-B709-47A1-848B-AFBAF3D43762}.Debug|Any CPU.Build.0 = Debug|Any CPU
		{CAE61B85-B709-47A1-848B-AFBAF3D43762}.Release|Any CPU.ActiveCfg = Release|Any CPU
		{CAE61B85-B709-47A1-848B-AFBAF3D43762}.Release|Any CPU.Build.0 = Release|Any CPU
		{E65E247A-F2DF-412E-8F6A-9B1C2FD52711}.Debug|Any CPU.ActiveCfg = Debug|Any CPU
		{E65E247A-F2DF-412E-8F6A-9B1C2FD52711}.Debug|Any CPU.Build.0 = Debug|Any CPU
		{E65E247A-F2DF-412E-8F6A-9B1C2FD52711}.Release|Any CPU.ActiveCfg = Release|Any CPU
		{E65E247A-F2DF-412E-8F6A-9B1C2FD52711}.Release|Any CPU.Build.0 = Release|Any CPU
	EndGlobalSection
	GlobalSection(SolutionProperties) = preSolution
		HideSolutionNode = FALSE
	EndGlobalSection
	GlobalSection(ExtensibilityGlobals) = postSolution
		SolutionGuid = {062C9F04-2CE7-4FED-BC2D-8DF31E6DC1C6}
	EndGlobalSection
EndGlobal
